// !$*UTF8*$!
{
	archiveVersion = 1;
	classes = {
	};
	objectVersion = 46;
	objects = {

/* Begin PBXBuildFile section */
		B18A84371D93DED5005A7EF3 /* RedSocketHTTP.m in Sources */ = {isa = PBXBuildFile; fileRef = B18A84361D93DED5005A7EF3 /* RedSocketHTTP.m */; };
		B18A84381D93DED5005A7EF3 /* RedSocketHTTP.h in CopyFiles */ = {isa = PBXBuildFile; fileRef = B18A84351D93DED5005A7EF3 /* RedSocketHTTP.h */; };
		B18A84401D93DF2E005A7EF3 /* CanonicalRequest.m in Sources */ = {isa = PBXBuildFile; fileRef = B18A843F1D93DF2E005A7EF3 /* CanonicalRequest.m */; };
		B18A84431D93DF37005A7EF3 /* RedSocketURLProtocol.m in Sources */ = {isa = PBXBuildFile; fileRef = B18A84421D93DF37005A7EF3 /* RedSocketURLProtocol.m */; };
/* End PBXBuildFile section */

/* Begin PBXCopyFilesBuildPhase section */
		B18A84301D93DED5005A7EF3 /* CopyFiles */ = {
			isa = PBXCopyFilesBuildPhase;
			buildActionMask = 2147483647;
			dstPath = "include/$(PRODUCT_NAME)";
			dstSubfolderSpec = 16;
			files = (
				B18A84381D93DED5005A7EF3 /* RedSocketHTTP.h in CopyFiles */,
			);
			runOnlyForDeploymentPostprocessing = 0;
		};
/* End PBXCopyFilesBuildPhase section */

/* Begin PBXFileReference section */
		B18A84321D93DED5005A7EF3 /* libRedSocketHTTP.a */ = {isa = PBXFileReference; explicitFileType = archive.ar; includeInIndex = 0; path = libRedSocketHTTP.a; sourceTree = BUILT_PRODUCTS_DIR; };
		B18A84351D93DED5005A7EF3 /* RedSocketHTTP.h */ = {isa = PBXFileReference; lastKnownFileType = sourcecode.c.h; path = RedSocketHTTP.h; sourceTree = "<group>"; };
		B18A84361D93DED5005A7EF3 /* RedSocketHTTP.m */ = {isa = PBXFileReference; lastKnownFileType = sourcecode.c.objc; path = RedSocketHTTP.m; sourceTree = "<group>"; };
		B18A843E1D93DF2E005A7EF3 /* CanonicalRequest.h */ = {isa = PBXFileReference; fileEncoding = 4; lastKnownFileType = sourcecode.c.h; path = CanonicalRequest.h; sourceTree = "<group>"; };
		B18A843F1D93DF2E005A7EF3 /* CanonicalRequest.m */ = {isa = PBXFileReference; fileEncoding = 4; lastKnownFileType = sourcecode.c.objc; path = CanonicalRequest.m; sourceTree = "<group>"; };
		B18A84411D93DF37005A7EF3 /* RedSocketURLProtocol.h */ = {isa = PBXFileReference; fileEncoding = 4; lastKnownFileType = sourcecode.c.h; path = RedSocketURLProtocol.h; sourceTree = "<group>"; };
		B18A84421D93DF37005A7EF3 /* RedSocketURLProtocol.m */ = {isa = PBXFileReference; fileEncoding = 4; lastKnownFileType = sourcecode.c.objc; path = RedSocketURLProtocol.m; sourceTree = "<group>"; };
		B18A844B1D93E062005A7EF3 /* RedSocket.h */ = {isa = PBXFileReference; lastKnownFileType = sourcecode.c.h; path = RedSocket.h; sourceTree = "<group>"; };
/* End PBXFileReference section */

/* Begin PBXFrameworksBuildPhase section */
		B18A842F1D93DED5005A7EF3 /* Frameworks */ = {
			isa = PBXFrameworksBuildPhase;
			buildActionMask = 2147483647;
			files = (
			);
			runOnlyForDeploymentPostprocessing = 0;
		};
/* End PBXFrameworksBuildPhase section */

/* Begin PBXGroup section */
		B18A84291D93DED5005A7EF3 = {
			isa = PBXGroup;
			children = (
				B18A84441D93DF9C005A7EF3 /* libs */,
				B18A84341D93DED5005A7EF3 /* RedSocketHTTP */,
				B18A84331D93DED5005A7EF3 /* Products */,
			);
			sourceTree = "<group>";
		};
		B18A84331D93DED5005A7EF3 /* Products */ = {
			isa = PBXGroup;
			children = (
				B18A84321D93DED5005A7EF3 /* libRedSocketHTTP.a */,
			);
			name = Products;
			sourceTree = "<group>";
		};
		B18A84341D93DED5005A7EF3 /* RedSocketHTTP */ = {
			isa = PBXGroup;
			children = (
				B18A84351D93DED5005A7EF3 /* RedSocketHTTP.h */,
				B18A84361D93DED5005A7EF3 /* RedSocketHTTP.m */,
				B18A84411D93DF37005A7EF3 /* RedSocketURLProtocol.h */,
				B18A84421D93DF37005A7EF3 /* RedSocketURLProtocol.m */,
				B18A843E1D93DF2E005A7EF3 /* CanonicalRequest.h */,
				B18A843F1D93DF2E005A7EF3 /* CanonicalRequest.m */,
			);
			path = RedSocketHTTP;
			sourceTree = "<group>";
		};
		B18A84441D93DF9C005A7EF3 /* libs */ = {
			isa = PBXGroup;
			children = (
				B18A844B1D93E062005A7EF3 /* RedSocket.h */,
			);
			path = libs;
			sourceTree = "<group>";
		};
/* End PBXGroup section */

/* Begin PBXNativeTarget section */
		B18A84311D93DED5005A7EF3 /* RedSocketHTTP */ = {
			isa = PBXNativeTarget;
			buildConfigurationList = B18A843B1D93DED5005A7EF3 /* Build configuration list for PBXNativeTarget "RedSocketHTTP" */;
			buildPhases = (
				B18A842E1D93DED5005A7EF3 /* Sources */,
				B18A842F1D93DED5005A7EF3 /* Frameworks */,
				B18A84301D93DED5005A7EF3 /* CopyFiles */,
			);
			buildRules = (
			);
			dependencies = (
			);
			name = RedSocketHTTP;
			productName = RedSocketHTTP;
			productReference = B18A84321D93DED5005A7EF3 /* libRedSocketHTTP.a */;
			productType = "com.apple.product-type.library.static";
		};
/* End PBXNativeTarget section */

/* Begin PBXProject section */
		B18A842A1D93DED5005A7EF3 /* Project object */ = {
			isa = PBXProject;
			attributes = {
				LastUpgradeCheck = 0800;
				ORGANIZATIONNAME = Miracle;
				TargetAttributes = {
					B18A84311D93DED5005A7EF3 = {
						CreatedOnToolsVersion = 8.0;
						ProvisioningStyle = Automatic;
					};
				};
			};
			buildConfigurationList = B18A842D1D93DED5005A7EF3 /* Build configuration list for PBXProject "RedSocketHTTP" */;
			compatibilityVersion = "Xcode 3.2";
			developmentRegion = English;
			hasScannedForEncodings = 0;
			knownRegions = (
				en,
			);
			mainGroup = B18A84291D93DED5005A7EF3;
			productRefGroup = B18A84331D93DED5005A7EF3 /* Products */;
			projectDirPath = "";
			projectRoot = "";
			targets = (
				B18A84311D93DED5005A7EF3 /* RedSocketHTTP */,
			);
		};
/* End PBXProject section */

/* Begin PBXSourcesBuildPhase section */
		B18A842E1D93DED5005A7EF3 /* Sources */ = {
			isa = PBXSourcesBuildPhase;
			buildActionMask = 2147483647;
			files = (
				B18A84431D93DF37005A7EF3 /* RedSocketURLProtocol.m in Sources */,
				B18A84401D93DF2E005A7EF3 /* CanonicalRequest.m in Sources */,
				B18A84371D93DED5005A7EF3 /* RedSocketHTTP.m in Sources */,
			);
			runOnlyForDeploymentPostprocessing = 0;
		};
/* End PBXSourcesBuildPhase section */

/* Begin XCBuildConfiguration section */
		B18A84391D93DED5005A7EF3 /* Debug */ = {
			isa = XCBuildConfiguration;
			buildSettings = {
				ALWAYS_SEARCH_USER_PATHS = NO;
				CLANG_ANALYZER_NONNULL = YES;
				CLANG_CXX_LANGUAGE_STANDARD = "gnu++0x";
				CLANG_CXX_LIBRARY = "libc++";
				CLANG_ENABLE_MODULES = YES;
				CLANG_ENABLE_OBJC_ARC = YES;
				CLANG_WARN_BOOL_CONVERSION = YES;
				CLANG_WARN_CONSTANT_CONVERSION = YES;
				CLANG_WARN_DIRECT_OBJC_ISA_USAGE = YES_ERROR;
				CLANG_WARN_DOCUMENTATION_COMMENTS = YES;
				CLANG_WARN_EMPTY_BODY = YES;
				CLANG_WARN_ENUM_CONVERSION = YES;
				CLANG_WARN_INFINITE_RECURSION = YES;
				CLANG_WARN_INT_CONVERSION = YES;
				CLANG_WARN_OBJC_ROOT_CLASS = YES_ERROR;
				CLANG_WARN_SUSPICIOUS_MOVES = YES;
				CLANG_WARN_UNREACHABLE_CODE = YES;
				CLANG_WARN__DUPLICATE_METHOD_MATCH = YES;
				"CODE_SIGN_IDENTITY[sdk=iphoneos*]" = "iPhone Developer";
				COPY_PHASE_STRIP = NO;
				DEBUG_INFORMATION_FORMAT = dwarf;
				ENABLE_STRICT_OBJC_MSGSEND = YES;
				ENABLE_TESTABILITY = YES;
				GCC_C_LANGUAGE_STANDARD = gnu99;
				GCC_DYNAMIC_NO_PIC = NO;
				GCC_NO_COMMON_BLOCKS = YES;
				GCC_OPTIMIZATION_LEVEL = 0;
				GCC_PREPROCESSOR_DEFINITIONS = (
					"DEBUG=1",
					"$(inherited)",
				);
				GCC_WARN_64_TO_32_BIT_CONVERSION = YES;
				GCC_WARN_ABOUT_RETURN_TYPE = YES_ERROR;
				GCC_WARN_UNDECLARED_SELECTOR = YES;
				GCC_WARN_UNINITIALIZED_AUTOS = YES_AGGRESSIVE;
				GCC_WARN_UNUSED_FUNCTION = YES;
				GCC_WARN_UNUSED_VARIABLE = YES;
				IPHONEOS_DEPLOYMENT_TARGET = 8.3;
				MTL_ENABLE_DEBUG_INFO = YES;
				ONLY_ACTIVE_ARCH = YES;
				SDKROOT = iphoneos;
			};
			name = Debug;
		};
		B18A843A1D93DED5005A7EF3 /* Release */ = {
			isa = XCBuildConfiguration;
			buildSettings = {
				ALWAYS_SEARCH_USER_PATHS = NO;
				CLANG_ANALYZER_NONNULL = YES;
				CLANG_CXX_LANGUAGE_STANDARD = "gnu++0x";
				CLANG_CXX_LIBRARY = "libc++";
				CLANG_ENABLE_MODULES = YES;
				CLANG_ENABLE_OBJC_ARC = YES;
				CLANG_WARN_BOOL_CONVERSION = YES;
				CLANG_WARN_CONSTANT_CONVERSION = YES;
				CLANG_WARN_DIRECT_OBJC_ISA_USAGE = YES_ERROR;
				CLANG_WARN_DOCUMENTATION_COMMENTS = YES;
				CLANG_WARN_EMPTY_BODY = YES;
				CLANG_WARN_ENUM_CONVERSION = YES;
				CLANG_WARN_INFINITE_RECURSION = YES;
				CLANG_WARN_INT_CONVERSION = YES;
				CLANG_WARN_OBJC_ROOT_CLASS = YES_ERROR;
				CLANG_WARN_SUSPICIOUS_MOVES = YES;
				CLANG_WARN_UNREACHABLE_CODE = YES;
				CLANG_WARN__DUPLICATE_METHOD_MATCH = YES;
				"CODE_SIGN_IDENTITY[sdk=iphoneos*]" = "iPhone Developer";
				COPY_PHASE_STRIP = NO;
				DEBUG_INFORMATION_FORMAT = "dwarf-with-dsym";
				ENABLE_NS_ASSERTIONS = NO;
				ENABLE_STRICT_OBJC_MSGSEND = YES;
				GCC_C_LANGUAGE_STANDARD = gnu99;
				GCC_NO_COMMON_BLOCKS = YES;
				GCC_WARN_64_TO_32_BIT_CONVERSION = YES;
				GCC_WARN_ABOUT_RETURN_TYPE = YES_ERROR;
				GCC_WARN_UNDECLARED_SELECTOR = YES;
				GCC_WARN_UNINITIALIZED_AUTOS = YES_AGGRESSIVE;
				GCC_WARN_UNUSED_FUNCTION = YES;
				GCC_WARN_UNUSED_VARIABLE = YES;
				IPHONEOS_DEPLOYMENT_TARGET = 8.3;
				MTL_ENABLE_DEBUG_INFO = NO;
				SDKROOT = iphoneos;
				VALIDATE_PRODUCT = YES;
			};
			name = Release;
		};
		B18A843C1D93DED5005A7EF3 /* Debug */ = {
			isa = XCBuildConfiguration;
			buildSettings = {
				HEADER_SEARCH_PATHS = (
					"$(inherited)",
					"$(PROJECT_DIR)/libs",
				);
				LIBRARY_SEARCH_PATHS = (
					"$(inherited)",
					"$(PROJECT_DIR)",
					"$(PROJECT_DIR)/libs",
				);
				OTHER_LDFLAGS = "-ObjC";
				PRODUCT_NAME = "$(TARGET_NAME)";
				SKIP_INSTALL = YES;
			};
			name = Debug;
		};
		B18A843D1D93DED5005A7EF3 /* Release */ = {
			isa = XCBuildConfiguration;
			buildSettings = {
				HEADER_SEARCH_PATHS = (
					"$(inherited)",
					"$(PROJECT_DIR)/libs",
				);
				LIBRARY_SEARCH_PATHS = (
					"$(inherited)",
					"$(PROJECT_DIR)",
					"$(PROJECT_DIR)/libs",
				);
				OTHER_LDFLAGS = "-ObjC";
				PRODUCT_NAME = "$(TARGET_NAME)";
				SKIP_INSTALL = YES;
			};
			name = Release;
		};
/* End XCBuildConfiguration section */

/* Begin XCConfigurationList section */
		B18A842D1D93DED5005A7EF3 /* Build configuration list for PBXProject "RedSocketHTTP" */ = {
			isa = XCConfigurationList;
			buildConfigurations = (
				B18A84391D93DED5005A7EF3 /* Debug */,
				B18A843A1D93DED5005A7EF3 /* Release */,
			);
			defaultConfigurationIsVisible = 0;
			defaultConfigurationName = Release;
		};
		B18A843B1D93DED5005A7EF3 /* Build configuration list for PBXNativeTarget "RedSocketHTTP" */ = {
			isa = XCConfigurationList;
			buildConfigurations = (
				B18A843C1D93DED5005A7EF3 /* Debug */,
				B18A843D1D93DED5005A7EF3 /* Release */,
			);
			defaultConfigurationIsVisible = 0;
			defaultConfigurationName = Release;
		};
/* End XCConfigurationList section */
	};
	rootObject = B18A842A1D93DED5005A7EF3 /* Project object */;
}
